
Microsoft Visual Studio Solution File, Format Version 12.00
# Visual Studio 2012
Project("{E24C65DC-7377-472B-9ABA-BC803B73C61A}") = "QuetzalExpress", "http://localhost:1051", "{17DAF4C7-8A33-473D-AD76-E78D92DF8F94}"
	ProjectSection(WebsiteProperties) = preProject
		UseIISExpress = "true"
		TargetFrameworkMoniker = ".NETFramework,Version%3Dv4.5"
		Debug.AspNetCompiler.VirtualPath = "/localhost_1051"
		Debug.AspNetCompiler.PhysicalPath = "..\..\WebSites\QuetzalExpress\"
		Debug.AspNetCompiler.TargetPath = "PrecompiledWeb\localhost_1051\"
		Debug.AspNetCompiler.Updateable = "true"
		Debug.AspNetCompiler.ForceOverwrite = "true"
		Debug.AspNetCompiler.FixedNames = "false"
		Debug.AspNetCompiler.Debug = "True"
		Release.AspNetCompiler.VirtualPath = "/localhost_1051"
		Release.AspNetCompiler.PhysicalPath = "..\..\WebSites\QuetzalExpress\"
		Release.AspNetCompiler.TargetPath = "PrecompiledWeb\localhost_1051\"
		Release.AspNetCompiler.Updateable = "true"
		Release.AspNetCompiler.ForceOverwrite = "true"
		Release.AspNetCompiler.FixedNames = "false"
		Release.AspNetCompiler.Debug = "False"
		SlnRelativePath = "..\..\WebSites\QuetzalExpress\"
		DefaultWebSiteLanguage = "Visual C#"
	EndProjectSection
EndProject
Global
	GlobalSection(SolutionConfigurationPlatforms) = preSolution
		Debug|Any CPU = Debug|Any CPU
	EndGlobalSection
	GlobalSection(ProjectConfigurationPlatforms) = postSolution
		{17DAF4C7-8A33-473D-AD76-E78D92DF8F94}.Debug|Any CPU.ActiveCfg = Debug|Any CPU
		{17DAF4C7-8A33-473D-AD76-E78D92DF8F94}.Debug|Any CPU.Build.0 = Debug|Any CPU
	EndGlobalSection
	GlobalSection(SolutionProperties) = preSolution
		HideSolutionNode = FALSE
	EndGlobalSection
EndGlobal
